
Microsoft Visual Studio Solution File, Format Version 11.00
# Visual Studio 2010
Project("{FAE04EC0-301F-11D3-BF4B-00C04F79EFBC}") = "Presentacion", "Presentacion\Presentacion.csproj", "{144632AE-0A17-45B5-B98F-EE298737584C}"
EndProject
Project("{FAE04EC0-301F-11D3-BF4B-00C04F79EFBC}") = "Negocio", "Negocio\Negocio.csproj", "{A92FE013-636A-415A-8889-F2E75C273AB1}"
EndProject
Project("{FAE04EC0-301F-11D3-BF4B-00C04F79EFBC}") = "Dal", "Dal\Dal.csproj", "{270B59E9-B43A-456D-AB9B-A00FFA271216}"
EndProject
Project("{FAE04EC0-301F-11D3-BF4B-00C04F79EFBC}") = "Utilitarios", "Utilitarios\Utilitarios.csproj", "{CAE58D21-2C5F-4A3F-BE1B-E0CD5C4ED8BC}"
EndProject
Project("{C8D11400-126E-41CD-887F-60BD40844F9E}") = "Database", "Database\Database.dbproj", "{67CBC824-A49E-4E9B-A947-360F3DFE65C3}"
EndProject
Project("{FAE04EC0-301F-11D3-BF4B-00C04F79EFBC}") = "Reportes", "Reportes\Reportes.csproj", "{0BB0C6F2-506F-4DCE-9AEF-217B4C3B9410}"
EndProject
Global
	GlobalSection(SolutionConfigurationPlatforms) = preSolution
		Debug|Any CPU = Debug|Any CPU
		Debug|Mixed Platforms = Debug|Mixed Platforms
		Debug|x86 = Debug|x86
		Release|Any CPU = Release|Any CPU
		Release|Mixed Platforms = Release|Mixed Platforms
		Release|x86 = Release|x86
	EndGlobalSection
	GlobalSection(ProjectConfigurationPlatforms) = postSolution
		{144632AE-0A17-45B5-B98F-EE298737584C}.Debug|Any CPU.ActiveCfg = Debug|x86
		{144632AE-0A17-45B5-B98F-EE298737584C}.Debug|Mixed Platforms.ActiveCfg = Debug|x86
		{144632AE-0A17-45B5-B98F-EE298737584C}.Debug|Mixed Platforms.Build.0 = Debug|x86
		{144632AE-0A17-45B5-B98F-EE298737584C}.Debug|x86.ActiveCfg = Debug|x86
		{144632AE-0A17-45B5-B98F-EE298737584C}.Debug|x86.Build.0 = Debug|x86
		{144632AE-0A17-45B5-B98F-EE298737584C}.Release|Any CPU.ActiveCfg = Release|x86
		{144632AE-0A17-45B5-B98F-EE298737584C}.Release|Mixed Platforms.ActiveCfg = Release|x86
		{144632AE-0A17-45B5-B98F-EE298737584C}.Release|Mixed Platforms.Build.0 = Release|x86
		{144632AE-0A17-45B5-B98F-EE298737584C}.Release|x86.ActiveCfg = Release|x86
		{144632AE-0A17-45B5-B98F-EE298737584C}.Release|x86.Build.0 = Release|x86
		{A92FE013-636A-415A-8889-F2E75C273AB1}.Debug|Any CPU.ActiveCfg = Debug|Any CPU
		{A92FE013-636A-415A-8889-F2E75C273AB1}.Debug|Any CPU.Build.0 = Debug|Any CPU
		{A92FE013-636A-415A-8889-F2E75C273AB1}.Debug|Mixed Platforms.ActiveCfg = Debug|Any CPU
		{A92FE013-636A-415A-8889-F2E75C273AB1}.Debug|Mixed Platforms.Build.0 = Debug|Any CPU
		{A92FE013-636A-415A-8889-F2E75C273AB1}.Debug|x86.ActiveCfg = Debug|Any CPU
		{A92FE013-636A-415A-8889-F2E75C273AB1}.Release|Any CPU.ActiveCfg = Release|Any CPU
		{A92FE013-636A-415A-8889-F2E75C273AB1}.Release|Any CPU.Build.0 = Release|Any CPU
		{A92FE013-636A-415A-8889-F2E75C273AB1}.Release|Mixed Platforms.ActiveCfg = Release|Any CPU
		{A92FE013-636A-415A-8889-F2E75C273AB1}.Release|Mixed Platforms.Build.0 = Release|Any CPU
		{A92FE013-636A-415A-8889-F2E75C273AB1}.Release|x86.ActiveCfg = Release|Any CPU
		{270B59E9-B43A-456D-AB9B-A00FFA271216}.Debug|Any CPU.ActiveCfg = Debug|Any CPU
		{270B59E9-B43A-456D-AB9B-A00FFA271216}.Debug|Any CPU.Build.0 = Debug|Any CPU
		{270B59E9-B43A-456D-AB9B-A00FFA271216}.Debug|Mixed Platforms.ActiveCfg = Debug|Any CPU
		{270B59E9-B43A-456D-AB9B-A00FFA271216}.Debug|Mixed Platforms.Build.0 = Debug|Any CPU
		{270B59E9-B43A-456D-AB9B-A00FFA271216}.Debug|x86.ActiveCfg = Debug|Any CPU
		{270B59E9-B43A-456D-AB9B-A00FFA271216}.Release|Any CPU.ActiveCfg = Release|Any CPU
		{270B59E9-B43A-456D-AB9B-A00FFA271216}.Release|Any CPU.Build.0 = Release|Any CPU
		{270B59E9-B43A-456D-AB9B-A00FFA271216}.Release|Mixed Platforms.ActiveCfg = Release|Any CPU
		{270B59E9-B43A-456D-AB9B-A00FFA271216}.Release|Mixed Platforms.Build.0 = Release|Any CPU
		{270B59E9-B43A-456D-AB9B-A00FFA271216}.Release|x86.ActiveCfg = Release|Any CPU
		{CAE58D21-2C5F-4A3F-BE1B-E0CD5C4ED8BC}.Debug|Any CPU.ActiveCfg = Debug|Any CPU
		{CAE58D21-2C5F-4A3F-BE1B-E0CD5C4ED8BC}.Debug|Any CPU.Build.0 = Debug|Any CPU
		{CAE58D21-2C5F-4A3F-BE1B-E0CD5C4ED8BC}.Debug|Mixed Platforms.ActiveCfg = Debug|Any CPU
		{CAE58D21-2C5F-4A3F-BE1B-E0CD5C4ED8BC}.Debug|Mixed Platforms.Build.0 = Debug|Any CPU
		{CAE58D21-2C5F-4A3F-BE1B-E0CD5C4ED8BC}.Debug|x86.ActiveCfg = Debug|Any CPU
		{CAE58D21-2C5F-4A3F-BE1B-E0CD5C4ED8BC}.Release|Any CPU.ActiveCfg = Release|Any CPU
		{CAE58D21-2C5F-4A3F-BE1B-E0CD5C4ED8BC}.Release|Any CPU.Build.0 = Release|Any CPU
		{CAE58D21-2C5F-4A3F-BE1B-E0CD5C4ED8BC}.Release|Mixed Platforms.ActiveCfg = Release|Any CPU
		{CAE58D21-2C5F-4A3F-BE1B-E0CD5C4ED8BC}.Release|Mixed Platforms.Build.0 = Release|Any CPU
		{CAE58D21-2C5F-4A3F-BE1B-E0CD5C4ED8BC}.Release|x86.ActiveCfg = Release|Any CPU
		{67CBC824-A49E-4E9B-A947-360F3DFE65C3}.Debug|Any CPU.ActiveCfg = Debug|Any CPU
		{67CBC824-A49E-4E9B-A947-360F3DFE65C3}.Debug|Any CPU.Build.0 = Debug|Any CPU
		{67CBC824-A49E-4E9B-A947-360F3DFE65C3}.Debug|Any CPU.Deploy.0 = Debug|Any CPU
		{67CBC824-A49E-4E9B-A947-360F3DFE65C3}.Debug|Mixed Platforms.ActiveCfg = Debug|Any CPU
		{67CBC824-A49E-4E9B-A947-360F3DFE65C3}.Debug|Mixed Platforms.Build.0 = Debug|Any CPU
		{67CBC824-A49E-4E9B-A947-360F3DFE65C3}.Debug|Mixed Platforms.Deploy.0 = Debug|Any CPU
		{67CBC824-A49E-4E9B-A947-360F3DFE65C3}.Debug|x86.ActiveCfg = Debug|Any CPU
		{67CBC824-A49E-4E9B-A947-360F3DFE65C3}.Release|Any CPU.ActiveCfg = Release|Any CPU
		{67CBC824-A49E-4E9B-A947-360F3DFE65C3}.Release|Any CPU.Build.0 = Release|Any CPU
		{67CBC824-A49E-4E9B-A947-360F3DFE65C3}.Release|Any CPU.Deploy.0 = Release|Any CPU
		{67CBC824-A49E-4E9B-A947-360F3DFE65C3}.Release|Mixed Platforms.ActiveCfg = Release|Any CPU
		{67CBC824-A49E-4E9B-A947-360F3DFE65C3}.Release|Mixed Platforms.Build.0 = Release|Any CPU
		{67CBC824-A49E-4E9B-A947-360F3DFE65C3}.Release|Mixed Platforms.Deploy.0 = Release|Any CPU
		{67CBC824-A49E-4E9B-A947-360F3DFE65C3}.Release|x86.ActiveCfg = Release|Any CPU
		{0BB0C6F2-506F-4DCE-9AEF-217B4C3B9410}.Debug|Any CPU.ActiveCfg = Debug|Any CPU
		{0BB0C6F2-506F-4DCE-9AEF-217B4C3B9410}.Debug|Any CPU.Build.0 = Debug|Any CPU
		{0BB0C6F2-506F-4DCE-9AEF-217B4C3B9410}.Debug|Mixed Platforms.ActiveCfg = Debug|Any CPU
		{0BB0C6F2-506F-4DCE-9AEF-217B4C3B9410}.Debug|Mixed Platforms.Build.0 = Debug|Any CPU
		{0BB0C6F2-506F-4DCE-9AEF-217B4C3B9410}.Debug|x86.ActiveCfg = Debug|Any CPU
		{0BB0C6F2-506F-4DCE-9AEF-217B4C3B9410}.Release|Any CPU.ActiveCfg = Release|Any CPU
		{0BB0C6F2-506F-4DCE-9AEF-217B4C3B9410}.Release|Any CPU.Build.0 = Release|Any CPU
		{0BB0C6F2-506F-4DCE-9AEF-217B4C3B9410}.Release|Mixed Platforms.ActiveCfg = Release|Any CPU
		{0BB0C6F2-506F-4DCE-9AEF-217B4C3B9410}.Release|Mixed Platforms.Build.0 = Release|Any CPU
		{0BB0C6F2-506F-4DCE-9AEF-217B4C3B9410}.Release|x86.ActiveCfg = Release|Any CPU
	EndGlobalSection
	GlobalSection(SolutionProperties) = preSolution
		HideSolutionNode = FALSE
	EndGlobalSection
EndGlobal
